
Microsoft Visual Studio Solution File, Format Version 12.00
# Visual Studio Version 16
VisualStudioVersion = 16.0.29806.167
MinimumVisualStudioVersion = 10.0.40219.1
Project("{9A19103F-16F7-4668-BE54-9A1E7A4F7556}") = "Ficha07", "Ficha07\Ficha07\Ficha07.csproj", "{9B1CF388-4D51-4B9B-80E9-0172E70609B8}"
EndProject
Project("{9A19103F-16F7-4668-BE54-9A1E7A4F7556}") = "Ficha06", "Ficha06\Ficha06\Ficha06.csproj", "{7C9C75BA-3F04-4F8A-8F10-DB155EBFAC92}"
EndProject
Global
	GlobalSection(SolutionConfigurationPlatforms) = preSolution
		Debug|Any CPU = Debug|Any CPU
		Release|Any CPU = Release|Any CPU
	EndGlobalSection
	GlobalSection(ProjectConfigurationPlatforms) = postSolution
		{9B1CF388-4D51-4B9B-80E9-0172E70609B8}.Debug|Any CPU.ActiveCfg = Debug|Any CPU
		{9B1CF388-4D51-4B9B-80E9-0172E70609B8}.Debug|Any CPU.Build.0 = Debug|Any CPU
		{9B1CF388-4D51-4B9B-80E9-0172E70609B8}.Release|Any CPU.ActiveCfg = Release|Any CPU
		{9B1CF388-4D51-4B9B-80E9-0172E70609B8}.Release|Any CPU.Build.0 = Release|Any CPU
		{7C9C75BA-3F04-4F8A-8F10-DB155EBFAC92}.Debug|Any CPU.ActiveCfg = Debug|Any CPU
		{7C9C75BA-3F04-4F8A-8F10-DB155EBFAC92}.Debug|Any CPU.Build.0 = Debug|Any CPU
		{7C9C75BA-3F04-4F8A-8F10-DB155EBFAC92}.Release|Any CPU.ActiveCfg = Release|Any CPU
		{7C9C75BA-3F04-4F8A-8F10-DB155EBFAC92}.Release|Any CPU.Build.0 = Release|Any CPU
	EndGlobalSection
	GlobalSection(SolutionProperties) = preSolution
		HideSolutionNode = FALSE
	EndGlobalSection
	GlobalSection(ExtensibilityGlobals) = postSolution
		SolutionGuid = {FCDCEEE8-3DCB-43BE-ADDC-8C609DD3DEF5}
	EndGlobalSection
EndGlobal
