
Microsoft Visual Studio Solution File, Format Version 12.00
# Visual Studio Version 16
VisualStudioVersion = 16.0.29806.167
MinimumVisualStudioVersion = 10.0.40219.1
Project("{9A19103F-16F7-4668-BE54-9A1E7A4F7556}") = "Ficha07", "Ficha07\Ficha07\Ficha07.csproj", "{9B1CF388-4D51-4B9B-80E9-0172E70609B8}"
	ProjectSection(ProjectDependencies) = postProject
		{CEF84687-8BD6-4034-82D9-25C1B66BB8DF} = {CEF84687-8BD6-4034-82D9-25C1B66BB8DF}
	EndProjectSection
EndProject
Project("{9A19103F-16F7-4668-BE54-9A1E7A4F7556}") = "Ficha06", "Ficha06\Ficha06\Ficha06.csproj", "{7C9C75BA-3F04-4F8A-8F10-DB155EBFAC92}"
EndProject
Project("{2150E333-8FDC-42A3-9474-1A3956D46DE8}") = "Fichas", "Fichas", "{29322867-5E17-4A5F-B6D0-12C626FF2719}"
EndProject
Project("{FAE04EC0-301F-11D3-BF4B-00C04F79EFBC}") = "Ficha12", "Ficha12\Ficha12.csproj", "{F85EB360-A9C8-47F2-85D5-12EB576E27F0}"
EndProject
Project("{2150E333-8FDC-42A3-9474-1A3956D46DE8}") = "Useful", "Useful", "{67F655D3-4ECD-42E8-B170-F3F67D091C5F}"
EndProject
Project("{FAE04EC0-301F-11D3-BF4B-00C04F79EFBC}") = "UsefulFunctions", "UsefulFunctions\UsefulFunctions.csproj", "{083BEC7A-C134-4B8A-A7A1-8817FB57EC6C}"
EndProject
Project("{9A19103F-16F7-4668-BE54-9A1E7A4F7556}") = "Common", "Common\Common.csproj", "{CEF84687-8BD6-4034-82D9-25C1B66BB8DF}"
EndProject
Project("{FAE04EC0-301F-11D3-BF4B-00C04F79EFBC}") = "Consola", "Consola\Consola.csproj", "{81E410AB-5D4B-460D-9677-958BC3B3DFB5}"
EndProject
Global
	GlobalSection(SolutionConfigurationPlatforms) = preSolution
		Debug|Any CPU = Debug|Any CPU
		Release|Any CPU = Release|Any CPU
	EndGlobalSection
	GlobalSection(ProjectConfigurationPlatforms) = postSolution
		{9B1CF388-4D51-4B9B-80E9-0172E70609B8}.Debug|Any CPU.ActiveCfg = Debug|Any CPU
		{9B1CF388-4D51-4B9B-80E9-0172E70609B8}.Debug|Any CPU.Build.0 = Debug|Any CPU
		{9B1CF388-4D51-4B9B-80E9-0172E70609B8}.Release|Any CPU.ActiveCfg = Release|Any CPU
		{9B1CF388-4D51-4B9B-80E9-0172E70609B8}.Release|Any CPU.Build.0 = Release|Any CPU
		{7C9C75BA-3F04-4F8A-8F10-DB155EBFAC92}.Debug|Any CPU.ActiveCfg = Debug|Any CPU
		{7C9C75BA-3F04-4F8A-8F10-DB155EBFAC92}.Debug|Any CPU.Build.0 = Debug|Any CPU
		{7C9C75BA-3F04-4F8A-8F10-DB155EBFAC92}.Release|Any CPU.ActiveCfg = Release|Any CPU
		{7C9C75BA-3F04-4F8A-8F10-DB155EBFAC92}.Release|Any CPU.Build.0 = Release|Any CPU
		{F85EB360-A9C8-47F2-85D5-12EB576E27F0}.Debug|Any CPU.ActiveCfg = Debug|Any CPU
		{F85EB360-A9C8-47F2-85D5-12EB576E27F0}.Debug|Any CPU.Build.0 = Debug|Any CPU
		{F85EB360-A9C8-47F2-85D5-12EB576E27F0}.Release|Any CPU.ActiveCfg = Release|Any CPU
		{F85EB360-A9C8-47F2-85D5-12EB576E27F0}.Release|Any CPU.Build.0 = Release|Any CPU
		{083BEC7A-C134-4B8A-A7A1-8817FB57EC6C}.Debug|Any CPU.ActiveCfg = Debug|Any CPU
		{083BEC7A-C134-4B8A-A7A1-8817FB57EC6C}.Debug|Any CPU.Build.0 = Debug|Any CPU
		{083BEC7A-C134-4B8A-A7A1-8817FB57EC6C}.Release|Any CPU.ActiveCfg = Release|Any CPU
		{083BEC7A-C134-4B8A-A7A1-8817FB57EC6C}.Release|Any CPU.Build.0 = Release|Any CPU
		{CEF84687-8BD6-4034-82D9-25C1B66BB8DF}.Debug|Any CPU.ActiveCfg = Debug|Any CPU
		{CEF84687-8BD6-4034-82D9-25C1B66BB8DF}.Debug|Any CPU.Build.0 = Debug|Any CPU
		{CEF84687-8BD6-4034-82D9-25C1B66BB8DF}.Release|Any CPU.ActiveCfg = Release|Any CPU
		{CEF84687-8BD6-4034-82D9-25C1B66BB8DF}.Release|Any CPU.Build.0 = Release|Any CPU
		{81E410AB-5D4B-460D-9677-958BC3B3DFB5}.Debug|Any CPU.ActiveCfg = Debug|Any CPU
		{81E410AB-5D4B-460D-9677-958BC3B3DFB5}.Debug|Any CPU.Build.0 = Debug|Any CPU
		{81E410AB-5D4B-460D-9677-958BC3B3DFB5}.Release|Any CPU.ActiveCfg = Release|Any CPU
		{81E410AB-5D4B-460D-9677-958BC3B3DFB5}.Release|Any CPU.Build.0 = Release|Any CPU
	EndGlobalSection
	GlobalSection(SolutionProperties) = preSolution
		HideSolutionNode = FALSE
	EndGlobalSection
	GlobalSection(NestedProjects) = preSolution
		{9B1CF388-4D51-4B9B-80E9-0172E70609B8} = {29322867-5E17-4A5F-B6D0-12C626FF2719}
		{7C9C75BA-3F04-4F8A-8F10-DB155EBFAC92} = {29322867-5E17-4A5F-B6D0-12C626FF2719}
		{F85EB360-A9C8-47F2-85D5-12EB576E27F0} = {29322867-5E17-4A5F-B6D0-12C626FF2719}
		{083BEC7A-C134-4B8A-A7A1-8817FB57EC6C} = {67F655D3-4ECD-42E8-B170-F3F67D091C5F}
	EndGlobalSection
	GlobalSection(ExtensibilityGlobals) = postSolution
		SolutionGuid = {FCDCEEE8-3DCB-43BE-ADDC-8C609DD3DEF5}
	EndGlobalSection
EndGlobal
